
Microsoft Visual Studio Solution File, Format Version 12.00
# Visual Studio Version 17
VisualStudioVersion = 17.5.33502.453
MinimumVisualStudioVersion = 10.0.40219.1
Project("{FAE04EC0-301F-11D3-BF4B-00C04F79EFBC}") = "capplan-server", "capplan-server.csproj", "{ABABE55F-B36A-44F4-AB5B-51A443B2266D}"
EndProject
Global
	GlobalSection(SolutionConfigurationPlatforms) = preSolution
		Debug|Any CPU = Debug|Any CPU
		Release|Any CPU = Release|Any CPU
	EndGlobalSection
	GlobalSection(ProjectConfigurationPlatforms) = postSolution
		{ABABE55F-B36A-44F4-AB5B-51A443B2266D}.Debug|Any CPU.ActiveCfg = Debug|Any CPU
		{ABABE55F-B36A-44F4-AB5B-51A443B2266D}.Debug|Any CPU.Build.0 = Debug|Any CPU
		{ABABE55F-B36A-44F4-AB5B-51A443B2266D}.Release|Any CPU.ActiveCfg = Release|Any CPU
		{ABABE55F-B36A-44F4-AB5B-51A443B2266D}.Release|Any CPU.Build.0 = Release|Any CPU
	EndGlobalSection
	GlobalSection(SolutionProperties) = preSolution
		HideSolutionNode = FALSE
	EndGlobalSection
	GlobalSection(ExtensibilityGlobals) = postSolution
		SolutionGuid = {06B7FC37-4BDF-429F-B15E-C80AECB14EFB}
	EndGlobalSection
EndGlobal
